
Microsoft Visual Studio Solution File, Format Version 12.00
# Visual Studio Version 16
VisualStudioVersion = 16.0.30204.135
MinimumVisualStudioVersion = 10.0.40219.1
Project("{9A19103F-16F7-4668-BE54-9A1E7A4F7556}") = "RebelRegistration", "RebelRegistration\RebelRegistration.csproj", "{CDDDB6E6-70DF-4747-9579-19AD4D17DD8C}"
EndProject
Project("{FAE04EC0-301F-11D3-BF4B-00C04F79EFBC}") = "RebelRegistrationUnitTests", "RebelRegistrationUnitTests\RebelRegistrationUnitTests.csproj", "{9DF7CF66-23AE-4213-962F-911C71E2D74A}"
EndProject
Global
	GlobalSection(SolutionConfigurationPlatforms) = preSolution
		Debug|Any CPU = Debug|Any CPU
		Release|Any CPU = Release|Any CPU
	EndGlobalSection
	GlobalSection(ProjectConfigurationPlatforms) = postSolution
		{CDDDB6E6-70DF-4747-9579-19AD4D17DD8C}.Debug|Any CPU.ActiveCfg = Debug|Any CPU
		{CDDDB6E6-70DF-4747-9579-19AD4D17DD8C}.Debug|Any CPU.Build.0 = Debug|Any CPU
		{CDDDB6E6-70DF-4747-9579-19AD4D17DD8C}.Release|Any CPU.ActiveCfg = Release|Any CPU
		{CDDDB6E6-70DF-4747-9579-19AD4D17DD8C}.Release|Any CPU.Build.0 = Release|Any CPU
		{9DF7CF66-23AE-4213-962F-911C71E2D74A}.Debug|Any CPU.ActiveCfg = Debug|Any CPU
		{9DF7CF66-23AE-4213-962F-911C71E2D74A}.Debug|Any CPU.Build.0 = Debug|Any CPU
		{9DF7CF66-23AE-4213-962F-911C71E2D74A}.Release|Any CPU.ActiveCfg = Release|Any CPU
		{9DF7CF66-23AE-4213-962F-911C71E2D74A}.Release|Any CPU.Build.0 = Release|Any CPU
	EndGlobalSection
	GlobalSection(SolutionProperties) = preSolution
		HideSolutionNode = FALSE
	EndGlobalSection
	GlobalSection(ExtensibilityGlobals) = postSolution
		SolutionGuid = {87C23377-BDF0-4581-99C7-8D3BBA55BEAB}
	EndGlobalSection
EndGlobal
